
Microsoft Visual Studio Solution File, Format Version 12.00
# Visual Studio 15
VisualStudioVersion = 15.0.33026.149
MinimumVisualStudioVersion = 10.0.40219.1
Project("{8BC9CEB8-8B4A-11D0-8D11-00A0C91BC942}") = "Logres", "Logres\Logres.vcxproj", "{63A007F8-A692-43DB-A7D7-25BA286D60EA}"
EndProject
Global
	GlobalSection(SolutionConfigurationPlatforms) = preSolution
		Debug|x64 = Debug|x64
		Debug|x86 = Debug|x86
		Release|x64 = Release|x64
		Release|x86 = Release|x86
	EndGlobalSection
	GlobalSection(ProjectConfigurationPlatforms) = postSolution
		{63A007F8-A692-43DB-A7D7-25BA286D60EA}.Debug|x64.ActiveCfg = Debug|x64
		{63A007F8-A692-43DB-A7D7-25BA286D60EA}.Debug|x64.Build.0 = Debug|x64
		{63A007F8-A692-43DB-A7D7-25BA286D60EA}.Debug|x86.ActiveCfg = Debug|Win32
		{63A007F8-A692-43DB-A7D7-25BA286D60EA}.Debug|x86.Build.0 = Debug|Win32
		{63A007F8-A692-43DB-A7D7-25BA286D60EA}.Release|x64.ActiveCfg = Release|x64
		{63A007F8-A692-43DB-A7D7-25BA286D60EA}.Release|x64.Build.0 = Release|x64
		{63A007F8-A692-43DB-A7D7-25BA286D60EA}.Release|x86.ActiveCfg = Release|Win32
		{63A007F8-A692-43DB-A7D7-25BA286D60EA}.Release|x86.Build.0 = Release|Win32
	EndGlobalSection
	GlobalSection(SolutionProperties) = preSolution
		HideSolutionNode = FALSE
	EndGlobalSection
	GlobalSection(ExtensibilityGlobals) = postSolution
		SolutionGuid = {4A17C19A-DB55-4B66-80F3-8BC96339F27E}
	EndGlobalSection
EndGlobal
